
Microsoft Visual Studio Solution File, Format Version 12.00
# Visual Studio Version 17
VisualStudioVersion = 17.9.34723.18
MinimumVisualStudioVersion = 10.0.40219.1
Project("{FAE04EC0-301F-11D3-BF4B-00C04F79EFBC}") = "SurveyBasket", "SurveyBasket\SurveyBasket.csproj", "{D0AE0767-A3BB-4CBE-BBDF-4DEDF351F27A}"
EndProject
Global
	GlobalSection(SolutionConfigurationPlatforms) = preSolution
		Debug|Any CPU = Debug|Any CPU
		Release|Any CPU = Release|Any CPU
	EndGlobalSection
	GlobalSection(ProjectConfigurationPlatforms) = postSolution
		{D0AE0767-A3BB-4CBE-BBDF-4DEDF351F27A}.Debug|Any CPU.ActiveCfg = Debug|Any CPU
		{D0AE0767-A3BB-4CBE-BBDF-4DEDF351F27A}.Debug|Any CPU.Build.0 = Debug|Any CPU
		{D0AE0767-A3BB-4CBE-BBDF-4DEDF351F27A}.Release|Any CPU.ActiveCfg = Release|Any CPU
		{D0AE0767-A3BB-4CBE-BBDF-4DEDF351F27A}.Release|Any CPU.Build.0 = Release|Any CPU
	EndGlobalSection
	GlobalSection(SolutionProperties) = preSolution
		HideSolutionNode = FALSE
	EndGlobalSection
	GlobalSection(ExtensibilityGlobals) = postSolution
		SolutionGuid = {BCD645FB-F545-43A8-879D-12CD53B4C13A}
	EndGlobalSection
EndGlobal
